
Microsoft Visual Studio Solution File, Format Version 12.00
# Visual Studio Version 16
VisualStudioVersion = 16.0.30011.22
MinimumVisualStudioVersion = 10.0.40219.1
Project("{FAE04EC0-301F-11D3-BF4B-00C04F79EFBC}") = "DataTables.MVC.Control", "DataTables.MVC.Control\DataTables.MVC.Control.csproj", "{87E243B2-D391-47EE-9E9C-0798A322F3A0}"
EndProject
Project("{FAE04EC0-301F-11D3-BF4B-00C04F79EFBC}") = "AspNet.MVC.Controls.Sample", "AspNet.MVC.Controls.Sample\AspNet.MVC.Controls.Sample.csproj", "{2A41565D-A1AE-46E5-A9D7-DE813259996C}"
EndProject
Project("{FAE04EC0-301F-11D3-BF4B-00C04F79EFBC}") = "Captcha.MVC.Control", "Captcha.MVC.Control\Captcha.MVC.Control.csproj", "{EE958765-C969-43EE-8BEE-61BACF56BD08}"
EndProject
Project("{2150E333-8FDC-42A3-9474-1A3956D46DE8}") = "Solution Items", "Solution Items", "{1BDCBCA5-87C7-4D3C-A1C1-CD910BEB4EA0}"
	ProjectSection(SolutionItems) = preProject
		!Nuget.txt = !Nuget.txt
	EndProjectSection
EndProject
Project("{FAE04EC0-301F-11D3-BF4B-00C04F79EFBC}") = "SwitchLanguage.MVC.Helper", "SwitchLanguage.MVC.Helper\SwitchLanguage.MVC.Helper.csproj", "{2074BAF3-469F-4DE4-BE47-8A872678A894}"
EndProject
Project("{FAE04EC0-301F-11D3-BF4B-00C04F79EFBC}") = "AjaxDropDowns.MVC.Control", "AjaxDropDowns.MVC.Control\AjaxDropDowns.MVC.Control.csproj", "{ED19E4A8-5D53-4B18-A9F8-CFAA60568000}"
EndProject
Global
	GlobalSection(SolutionConfigurationPlatforms) = preSolution
		Debug|Any CPU = Debug|Any CPU
		Release|Any CPU = Release|Any CPU
	EndGlobalSection
	GlobalSection(ProjectConfigurationPlatforms) = postSolution
		{87E243B2-D391-47EE-9E9C-0798A322F3A0}.Debug|Any CPU.ActiveCfg = Debug|Any CPU
		{87E243B2-D391-47EE-9E9C-0798A322F3A0}.Debug|Any CPU.Build.0 = Debug|Any CPU
		{87E243B2-D391-47EE-9E9C-0798A322F3A0}.Release|Any CPU.ActiveCfg = Release|Any CPU
		{87E243B2-D391-47EE-9E9C-0798A322F3A0}.Release|Any CPU.Build.0 = Release|Any CPU
		{2A41565D-A1AE-46E5-A9D7-DE813259996C}.Debug|Any CPU.ActiveCfg = Debug|Any CPU
		{2A41565D-A1AE-46E5-A9D7-DE813259996C}.Debug|Any CPU.Build.0 = Debug|Any CPU
		{2A41565D-A1AE-46E5-A9D7-DE813259996C}.Release|Any CPU.ActiveCfg = Release|Any CPU
		{2A41565D-A1AE-46E5-A9D7-DE813259996C}.Release|Any CPU.Build.0 = Release|Any CPU
		{EE958765-C969-43EE-8BEE-61BACF56BD08}.Debug|Any CPU.ActiveCfg = Debug|Any CPU
		{EE958765-C969-43EE-8BEE-61BACF56BD08}.Debug|Any CPU.Build.0 = Debug|Any CPU
		{EE958765-C969-43EE-8BEE-61BACF56BD08}.Release|Any CPU.ActiveCfg = Release|Any CPU
		{EE958765-C969-43EE-8BEE-61BACF56BD08}.Release|Any CPU.Build.0 = Release|Any CPU
		{2074BAF3-469F-4DE4-BE47-8A872678A894}.Debug|Any CPU.ActiveCfg = Debug|Any CPU
		{2074BAF3-469F-4DE4-BE47-8A872678A894}.Debug|Any CPU.Build.0 = Debug|Any CPU
		{2074BAF3-469F-4DE4-BE47-8A872678A894}.Release|Any CPU.ActiveCfg = Release|Any CPU
		{2074BAF3-469F-4DE4-BE47-8A872678A894}.Release|Any CPU.Build.0 = Release|Any CPU
		{ED19E4A8-5D53-4B18-A9F8-CFAA60568000}.Debug|Any CPU.ActiveCfg = Debug|Any CPU
		{ED19E4A8-5D53-4B18-A9F8-CFAA60568000}.Debug|Any CPU.Build.0 = Debug|Any CPU
		{ED19E4A8-5D53-4B18-A9F8-CFAA60568000}.Release|Any CPU.ActiveCfg = Release|Any CPU
		{ED19E4A8-5D53-4B18-A9F8-CFAA60568000}.Release|Any CPU.Build.0 = Release|Any CPU
	EndGlobalSection
	GlobalSection(SolutionProperties) = preSolution
		HideSolutionNode = FALSE
	EndGlobalSection
	GlobalSection(ExtensibilityGlobals) = postSolution
		SolutionGuid = {9F667C81-4476-4A56-B8A1-853CA34ED466}
	EndGlobalSection
EndGlobal
